{
  "name": "jmap-rss-bridge",
  "version": "0.1.0",
  "lockfileVersion": 1,
  "requires": true,
  "dependencies": {
    "jmap-client": {
      "version": "0.1.0",
      "resolved": "https://registry.npmjs.org/jmap-client/-/jmap-client-0.1.0.tgz",
      "integrity": "sha512-UOuB/R+TAy8sd2KvsnFVc1DvuyU/lFlrz8RVApBTRDCQl2MJCpHK1U8Er6mLYajKVHY8BqeYRFTz1ALVNbrIIw==",
      "requires": {
        "uuid": "3.3.2"
      }
    },
    "uuid": {
      "version": "3.3.2",
      "resolved": "https://registry.npmjs.org/uuid/-/uuid-3.3.2.tgz",
      "integrity": "sha512-yXJmeNaw3DnnKAOKJE51sL/ZaYfWJRl1pK9dr19YFCu0ObS231AB1/LbqTKRAQ5kw8A90rA6fr4riOUpTZvQZA=="
    }
  }
}
